{
  "requires": true,
  "lockfileVersion": 1,
  "dependencies": {
    "xiaoyufs": {
      "version": "0.1.2",
      "resolved": "https://registry.npmjs.org/xiaoyufs/-/xiaoyufs-0.1.2.tgz",
      "integrity": "sha512-JdaoMnmT5qqkukor8tmOdwppjelfaJ6qV0EwuMi9yjc4cZvjlsz/9IgXVXmMiAmlivJzckNIf9ltBu5zXUJT3A=="
    }
  }
}
